{
  "version": 1,
  "dependencies": {
    "net10.0": {
      "Dapper": {
        "type": "Direct",
        "requested": "[2.1.72, )",
        "resolved": "2.1.72",
        "contentHash": "ns4mGqQd9a/MhP8m6w556vVlZIa0/MfUu03zrxjZC/jlr1uVCsUac8bkdB+Fs98Llbd56rRSo1eZH5VVmeGZyw=="
      },
      "MySqlConnector": {
        "type": "Direct",
        "requested": "[2.5.0, )",
        "resolved": "2.5.0",
        "contentHash": "hoAwfHHF8DlRRqwHOhN3u1KLi+XbX/4LPS7Anfa+SYC97vRyIfdEOEEfj1L50q01Ik8aDNvmDrNmu/VPFiAiaQ==",
        "dependencies": {
          "Microsoft.Extensions.DependencyInjection.Abstractions": "8.0.2",
          "Microsoft.Extensions.Logging.Abstractions": "8.0.2"
        }
      },
      "NetIrc2": {
        "type": "Direct",
        "requested": "[1.0.0, )",
        "resolved": "1.0.0",
        "contentHash": "Q1/ho+obHeY9TDu69g26MC9wBj7xvD4hbRA+tTqV5RpeyrvoYhLkQ9rzRmnznvbTcXGyYMMU2zdhQtco4NyZvw=="
      },
      "Newtonsoft.Json": {
        "type": "Direct",
        "requested": "[13.0.4, )",
        "resolved": "13.0.4",
        "contentHash": "pdgNNMai3zv51W5aq268sujXUyx7SNdE2bj1wZcWjAQrKMFZV260lbqYop1d2GM67JI1huLRwxo9ZqnfF/lC6A=="
      },
      "SteamKit2": {
        "type": "Direct",
        "requested": "[3.4.0, )",
        "resolved": "3.4.0",
        "contentHash": "3UZ5Useeh+5BJ19gazEpeFc3wRasMEUkrdkgzIhwAAK9VXL9sPbQu11bp6E3W7HsPCbm2s262yuyBbYLzA+4AA==",
        "dependencies": {
          "System.IO.Hashing": "10.0.1",
          "ZstdSharp.Port": "0.8.7",
          "protobuf-net": "3.2.56"
        }
      },
      "Microsoft.Extensions.DependencyInjection.Abstractions": {
        "type": "Transitive",
        "resolved": "8.0.2",
        "contentHash": "3iE7UF7MQkCv1cxzCahz+Y/guQbTqieyxyaWKhrRO91itI9cOKO76OHeQDahqG4MmW5umr3CcCvGmK92lWNlbg=="
      },
      "Microsoft.Extensions.Logging.Abstractions": {
        "type": "Transitive",
        "resolved": "8.0.2",
        "contentHash": "nroMDjS7hNBPtkZqVBbSiQaQjWRDxITI8Y7XnDs97rqG3EbzVTNLZQf7bIeUJcaHOV8bca47s1Uxq94+2oGdxA==",
        "dependencies": {
          "Microsoft.Extensions.DependencyInjection.Abstractions": "8.0.2"
        }
      },
      "protobuf-net": {
        "type": "Transitive",
        "resolved": "3.2.56",
        "contentHash": "4IPJeTYAMNewlN8MDaFkcmR/9hLhJeo9eARnTh104zh7mf+vXT2gu5MUfUnkSQU+CH578Q6vcdU7LQDQPG6eaw==",
        "dependencies": {
          "protobuf-net.Core": "3.2.56"
        }
      },
      "protobuf-net.Core": {
        "type": "Transitive",
        "resolved": "3.2.56",
        "contentHash": "d6QOukTpDzs7zZv9tPnBZMtvHDNeHJQXUhMx54g4urUQsXK3oo9U70H9HvklYq7hlQ4A7AHJl7EVEqyCXXIl8Q=="
      },
      "System.IO.Hashing": {
        "type": "Transitive",
        "resolved": "10.0.1",
        "contentHash": "Dy6ULPb2S0GmNndjKrEIpfibNsc8+FTOoZnqygtFDuyun8vWboQbfMpQtKUXpgTxokR5E4zFHETpNnGfeWY6NA=="
      },
      "ZstdSharp.Port": {
        "type": "Transitive",
        "resolved": "0.8.7",
        "contentHash": "+4VpxvzEKaHpfTjsLRMhQHx6brqGBkIA+fjUM3wUW8ZoWpPFAeKrO2Nf4uZDeBjjzNDNxSRvLQH4b3S9Ku4JJQ=="
      }
    }
  }
}